
Microsoft Visual Studio Solution File, Format Version 12.00
# Visual Studio Version 16
VisualStudioVersion = 16.0.31702.278
MinimumVisualStudioVersion = 10.0.40219.1
Project("{FAE04EC0-301F-11D3-BF4B-00C04F79EFBC}") = "api", "api\api.csproj", "{CC273556-EB92-470C-836F-7BD7C2A75D8A}"
EndProject
Global
	GlobalSection(SolutionConfigurationPlatforms) = preSolution
		Debug|Any CPU = Debug|Any CPU
		Release|Any CPU = Release|Any CPU
	EndGlobalSection
	GlobalSection(ProjectConfigurationPlatforms) = postSolution
		{CC273556-EB92-470C-836F-7BD7C2A75D8A}.Debug|Any CPU.ActiveCfg = Debug|Any CPU
		{CC273556-EB92-470C-836F-7BD7C2A75D8A}.Debug|Any CPU.Build.0 = Debug|Any CPU
		{CC273556-EB92-470C-836F-7BD7C2A75D8A}.Release|Any CPU.ActiveCfg = Release|Any CPU
		{CC273556-EB92-470C-836F-7BD7C2A75D8A}.Release|Any CPU.Build.0 = Release|Any CPU
	EndGlobalSection
	GlobalSection(SolutionProperties) = preSolution
		HideSolutionNode = FALSE
	EndGlobalSection
	GlobalSection(ExtensibilityGlobals) = postSolution
		SolutionGuid = {BE78287B-12F6-4527-A004-01666BAC2297}
	EndGlobalSection
EndGlobal
